{
    "requires": true,
    "lockfileVersion": 1,
    "dependencies": {
        "@coreui/coreui": {
            "version": "3.3.0",
            "resolved": "https://registry.npmjs.org/@coreui/coreui/-/coreui-3.3.0.tgz",
            "integrity": "sha512-eaLk+u64v1LzgrROrma26fBJK4wU6sW+Nj0DAJNj+7EsSFA2ge5dW2Fmo5knxBipnYZTUnhG/pDA2w1o/BLaaA=="
        },
        "@fortawesome/fontawesome-free": {
            "version": "5.15.0",
            "resolved": "https://registry.npmjs.org/@fortawesome/fontawesome-free/-/fontawesome-free-5.15.0.tgz",
            "integrity": "sha512-wXetjQBNMTP59MAYNR1tdahMDOLx3FYj3PKdso7PLFLDpTvmAIqhSSEqnSTmWKahRjD+Sh5I5635+5qaoib5lw=="
        },
        "perfect-scrollbar": {
            "version": "1.5.0",
            "resolved": "https://registry.npmjs.org/perfect-scrollbar/-/perfect-scrollbar-1.5.0.tgz",
            "integrity": "sha512-NrNHJn5mUGupSiheBTy6x+6SXCFbLlm8fVZh9moIzw/LgqElN5q4ncR4pbCBCYuCJ8Kcl9mYM0NgDxvW+b4LxA=="
        }
    }
}
